
Microsoft Visual Studio Solution File, Format Version 12.00
# Visual Studio Version 16
VisualStudioVersion = 16.0.30204.135
MinimumVisualStudioVersion = 10.0.40219.1
Project("{FAE04EC0-301F-11D3-BF4B-00C04F79EFBC}") = "ShopAPITest2", "ShopAPITest2\ShopAPITest2.csproj", "{7A5E7387-DF7E-4F4A-8CD8-BF84A74BD729}"
EndProject
Global
	GlobalSection(SolutionConfigurationPlatforms) = preSolution
		Debug|Any CPU = Debug|Any CPU
		Release|Any CPU = Release|Any CPU
	EndGlobalSection
	GlobalSection(ProjectConfigurationPlatforms) = postSolution
		{7A5E7387-DF7E-4F4A-8CD8-BF84A74BD729}.Debug|Any CPU.ActiveCfg = Debug|Any CPU
		{7A5E7387-DF7E-4F4A-8CD8-BF84A74BD729}.Debug|Any CPU.Build.0 = Debug|Any CPU
		{7A5E7387-DF7E-4F4A-8CD8-BF84A74BD729}.Release|Any CPU.ActiveCfg = Release|Any CPU
		{7A5E7387-DF7E-4F4A-8CD8-BF84A74BD729}.Release|Any CPU.Build.0 = Release|Any CPU
	EndGlobalSection
	GlobalSection(SolutionProperties) = preSolution
		HideSolutionNode = FALSE
	EndGlobalSection
	GlobalSection(ExtensibilityGlobals) = postSolution
		SolutionGuid = {D652B038-EFD0-43C9-9046-BF03CC934105}
	EndGlobalSection
EndGlobal
